
Microsoft Visual Studio Solution File, Format Version 12.00
# Visual Studio Version 16
VisualStudioVersion = 16.0.29102.190
MinimumVisualStudioVersion = 10.0.40219.1
Project("{FAE04EC0-301F-11D3-BF4B-00C04F79EFBC}") = "ExercicioInterface", "ExercicioInterface.csproj", "{04742492-F248-4922-8BBB-671FC0953C60}"
EndProject
Global
	GlobalSection(SolutionConfigurationPlatforms) = preSolution
		Debug|Any CPU = Debug|Any CPU
		Release|Any CPU = Release|Any CPU
	EndGlobalSection
	GlobalSection(ProjectConfigurationPlatforms) = postSolution
		{04742492-F248-4922-8BBB-671FC0953C60}.Debug|Any CPU.ActiveCfg = Debug|Any CPU
		{04742492-F248-4922-8BBB-671FC0953C60}.Debug|Any CPU.Build.0 = Debug|Any CPU
		{04742492-F248-4922-8BBB-671FC0953C60}.Release|Any CPU.ActiveCfg = Release|Any CPU
		{04742492-F248-4922-8BBB-671FC0953C60}.Release|Any CPU.Build.0 = Release|Any CPU
	EndGlobalSection
	GlobalSection(SolutionProperties) = preSolution
		HideSolutionNode = FALSE
	EndGlobalSection
	GlobalSection(ExtensibilityGlobals) = postSolution
		SolutionGuid = {A97B78AE-C1B6-4298-99B7-FFE33AC36B55}
	EndGlobalSection
EndGlobal
